# This file is automatically @generated by Odyn.
# Do not edit this file manually unless you know what you're doing.

[[dep]]
name = "afmt"
source = "https://github.com/OnlyXuul/afmt"
commit = "8423cd7510795f6ca65770f523678fd5a2979ba8"

[[dep]]
name = "tracker"
source = "https://github.com/OnlyXuul/tracker"
commit = "f7438d93e1186e2f1e1422b8c6539c175f2f51b3"

[[dep]]
name = "karl2d"
source = "https://github.com/hintron/karl2d"
commit = "7ad548fa69b871949b5e660b339ff8d0da18e31d"
